github.com/SukramJ/go-ha-catalog v0.3.0 h1:yyb0JmvWN9TsNT6Ev9KACCV+KFK5a/va/Dhg50igUrA=
github.com/SukramJ/go-ha-catalog v0.3.0/go.mod h1:z+G41LzF/Aj6xeoT0CqXylm7TxFhScqt118+h1vPwA8=
github.com/SukramJ/go-mqtt v1.6.0 h1:8qGuMm4BFM5xB0Lb8+GeHkTceiYDQ1YWqsmdXkQ6nKo=
github.com/SukramJ/go-mqtt v1.6.0/go.mod h1:5d2rA0gppys68MuhP8RoCtb/yorzYwVFP3Myb1HhsaA=
